<?xml version="1.0" encoding="utf-8"?>
<Project ToolsVersion="4.0" xmlns="http://schemas.microsoft.com/developer/msbuild/2003">
  <ItemGroup>
    <Filter Include="Cherry">
      <UniqueIdentifier>{B2F1BBAB-9E93-E681-874E-FAD5738F6DD2}</UniqueIdentifier>
    </Filter>
    <Filter Include="Cherry\Events">
      <UniqueIdentifier>{5681FED5-C241-7A0C-8B7C-C389F7FBBEE8}</UniqueIdentifier>
    </Filter>
    <Filter Include="Cherry\Platform">
      <UniqueIdentifier>{4636C26B-B2C1-2F30-BBD2-B22427DD8B30}</UniqueIdentifier>
    </Filter>
    <Filter Include="Cherry\Platform\Windows">
      <UniqueIdentifier>{80C6ACAD-ECFD-F444-F507-596861BE1B3E}</UniqueIdentifier>
    </Filter>
  </ItemGroup>
  <ItemGroup>
    <ClInclude Include="src\CHpch.h" />
    <ClInclude Include="src\Cherry.h" />
    <ClInclude Include="src\Cherry\Application.h">
      <Filter>Cherry</Filter>
    </ClInclude>
    <ClInclude Include="src\Cherry\Core.h">
      <Filter>Cherry</Filter>
    </ClInclude>
    <ClInclude Include="src\Cherry\EntryPoint.h">
      <Filter>Cherry</Filter>
    </ClInclude>
    <ClInclude Include="src\Cherry\Events\ApplicationEvent.h">
      <Filter>Cherry\Events</Filter>
    </ClInclude>
    <ClInclude Include="src\Cherry\Events\Event.h">
      <Filter>Cherry\Events</Filter>
    </ClInclude>
    <ClInclude Include="src\Cherry\Events\KeyEvent.h">
      <Filter>Cherry\Events</Filter>
    </ClInclude>
    <ClInclude Include="src\Cherry\Events\MouseEvent.h">
      <Filter>Cherry\Events</Filter>
    </ClInclude>
    <ClInclude Include="src\Cherry\Layer.h">
      <Filter>Cherry</Filter>
    </ClInclude>
    <ClInclude Include="src\Cherry\LayerStack.h">
      <Filter>Cherry</Filter>
    </ClInclude>
    <ClInclude Include="src\Cherry\Log.h">
      <Filter>Cherry</Filter>
    </ClInclude>
    <ClInclude Include="src\Cherry\Platform\Windows\WindowsWindow.h">
      <Filter>Cherry\Platform\Windows</Filter>
    </ClInclude>
    <ClInclude Include="src\Cherry\Window.h">
      <Filter>Cherry</Filter>
    </ClInclude>
  </ItemGroup>
  <ItemGroup>
    <ClCompile Include="src\CHpch.cpp" />
    <ClCompile Include="src\Cherry\Application.cpp">
      <Filter>Cherry</Filter>
    </ClCompile>
    <ClCompile Include="src\Cherry\Layer.cpp">
      <Filter>Cherry</Filter>
    </ClCompile>
    <ClCompile Include="src\Cherry\LayerStack.cpp">
      <Filter>Cherry</Filter>
    </ClCompile>
    <ClCompile Include="src\Cherry\Log.cpp">
      <Filter>Cherry</Filter>
    </ClCompile>
    <ClCompile Include="src\Cherry\Platform\Windows\WindowsWindow.cpp">
      <Filter>Cherry\Platform\Windows</Filter>
    </ClCompile>
  </ItemGroup>
</Project>